
Microsoft Visual Studio Solution File, Format Version 12.00
# Visual Studio Version 16
VisualStudioVersion = 16.0.29905.134
MinimumVisualStudioVersion = 10.0.40219.1
Project("{9A19103F-16F7-4668-BE54-9A1E7A4F7556}") = "Vertical.HubSpot.Api", "Vertical.HubSpot.Api\Vertical.HubSpot.Api.csproj", "{6DA839FE-3705-4345-88F4-F50D2F147F1D}"
EndProject
Project("{FAE04EC0-301F-11D3-BF4B-00C04F79EFBC}") = "Vertical.HubSpot.UnitTest", "Vertical.HubSpot.UnitTest\Vertical.HubSpot.UnitTest.csproj", "{AC9F8735-E61B-4F0C-B3D0-F9DB9B7CB8D4}"
EndProject
Global
	GlobalSection(SolutionConfigurationPlatforms) = preSolution
		Debug|Any CPU = Debug|Any CPU
		Release|Any CPU = Release|Any CPU
	EndGlobalSection
	GlobalSection(ProjectConfigurationPlatforms) = postSolution
		{6DA839FE-3705-4345-88F4-F50D2F147F1D}.Debug|Any CPU.ActiveCfg = Debug|Any CPU
		{6DA839FE-3705-4345-88F4-F50D2F147F1D}.Debug|Any CPU.Build.0 = Debug|Any CPU
		{6DA839FE-3705-4345-88F4-F50D2F147F1D}.Release|Any CPU.ActiveCfg = Release|Any CPU
		{6DA839FE-3705-4345-88F4-F50D2F147F1D}.Release|Any CPU.Build.0 = Release|Any CPU
		{AC9F8735-E61B-4F0C-B3D0-F9DB9B7CB8D4}.Debug|Any CPU.ActiveCfg = Debug|Any CPU
		{AC9F8735-E61B-4F0C-B3D0-F9DB9B7CB8D4}.Debug|Any CPU.Build.0 = Debug|Any CPU
		{AC9F8735-E61B-4F0C-B3D0-F9DB9B7CB8D4}.Release|Any CPU.ActiveCfg = Release|Any CPU
		{AC9F8735-E61B-4F0C-B3D0-F9DB9B7CB8D4}.Release|Any CPU.Build.0 = Release|Any CPU
	EndGlobalSection
	GlobalSection(SolutionProperties) = preSolution
		HideSolutionNode = FALSE
	EndGlobalSection
	GlobalSection(ExtensibilityGlobals) = postSolution
		SolutionGuid = {1CB82045-147A-4183-8B74-16BD44A981A0}
	EndGlobalSection
EndGlobal
