
Microsoft Visual Studio Solution File, Format Version 12.00
# Visual Studio Version 16
VisualStudioVersion = 16.0.29905.134
MinimumVisualStudioVersion = 10.0.40219.1
Project("{9A19103F-16F7-4668-BE54-9A1E7A4F7556}") = "Vertical.HubSpot.Api", "Vertical.HubSpot.Api\Vertical.HubSpot.Api.csproj", "{6DA839FE-3705-4345-88F4-F50D2F147F1D}"
EndProject
Project("{9A19103F-16F7-4668-BE54-9A1E7A4F7556}") = "Vertical.HubSpot.Test", "Vertical.HubSpot.Test\Vertical.HubSpot.Test.csproj", "{651286E9-6DB5-440B-BD86-F5E8BB7777CA}"
EndProject
Project("{FAE04EC0-301F-11D3-BF4B-00C04F79EFBC}") = "Vertical.HubSpot.Api.Tests", "Vertical.HubSpot.Api.Tests\Vertical.HubSpot.Api.Tests.csproj", "{C81B467D-DEE8-4E6D-B9DA-F4C5E32D7BA9}"
EndProject
Global
	GlobalSection(SolutionConfigurationPlatforms) = preSolution
		Debug|Any CPU = Debug|Any CPU
		Release|Any CPU = Release|Any CPU
	EndGlobalSection
	GlobalSection(ProjectConfigurationPlatforms) = postSolution
		{6DA839FE-3705-4345-88F4-F50D2F147F1D}.Debug|Any CPU.ActiveCfg = Debug|Any CPU
		{6DA839FE-3705-4345-88F4-F50D2F147F1D}.Debug|Any CPU.Build.0 = Debug|Any CPU
		{6DA839FE-3705-4345-88F4-F50D2F147F1D}.Release|Any CPU.ActiveCfg = Release|Any CPU
		{6DA839FE-3705-4345-88F4-F50D2F147F1D}.Release|Any CPU.Build.0 = Release|Any CPU
		{651286E9-6DB5-440B-BD86-F5E8BB7777CA}.Debug|Any CPU.ActiveCfg = Debug|Any CPU
		{651286E9-6DB5-440B-BD86-F5E8BB7777CA}.Debug|Any CPU.Build.0 = Debug|Any CPU
		{651286E9-6DB5-440B-BD86-F5E8BB7777CA}.Release|Any CPU.ActiveCfg = Release|Any CPU
		{651286E9-6DB5-440B-BD86-F5E8BB7777CA}.Release|Any CPU.Build.0 = Release|Any CPU
		{C81B467D-DEE8-4E6D-B9DA-F4C5E32D7BA9}.Debug|Any CPU.ActiveCfg = Debug|Any CPU
		{C81B467D-DEE8-4E6D-B9DA-F4C5E32D7BA9}.Debug|Any CPU.Build.0 = Debug|Any CPU
		{C81B467D-DEE8-4E6D-B9DA-F4C5E32D7BA9}.Release|Any CPU.ActiveCfg = Release|Any CPU
		{C81B467D-DEE8-4E6D-B9DA-F4C5E32D7BA9}.Release|Any CPU.Build.0 = Release|Any CPU
	EndGlobalSection
	GlobalSection(SolutionProperties) = preSolution
		HideSolutionNode = FALSE
	EndGlobalSection
	GlobalSection(ExtensibilityGlobals) = postSolution
		SolutionGuid = {1CB82045-147A-4183-8B74-16BD44A981A0}
	EndGlobalSection
EndGlobal
